
Microsoft Visual Studio Solution File, Format Version 12.00
# Visual Studio 15
VisualStudioVersion = 15.0.27130.2024
MinimumVisualStudioVersion = 10.0.40219.1
Project("{E24C65DC-7377-472B-9ABA-BC803B73C61A}") = "USBMulti", "USBMulti\", "{F1742194-DA50-44F1-B51F-8CD00782BE12}"
	ProjectSection(WebsiteProperties) = preProject
		TargetFrameworkMoniker = ".NETFramework,Version%3Dv4.7.1"
		Debug.AspNetCompiler.VirtualPath = "/localhost_58315"
		Debug.AspNetCompiler.PhysicalPath = "USBMulti\"
		Debug.AspNetCompiler.TargetPath = "PrecompiledWeb\localhost_58315\"
		Debug.AspNetCompiler.Updateable = "true"
		Debug.AspNetCompiler.ForceOverwrite = "true"
		Debug.AspNetCompiler.FixedNames = "false"
		Debug.AspNetCompiler.Debug = "True"
		Release.AspNetCompiler.VirtualPath = "/localhost_58315"
		Release.AspNetCompiler.PhysicalPath = "USBMulti\"
		Release.AspNetCompiler.TargetPath = "PrecompiledWeb\localhost_58315\"
		Release.AspNetCompiler.Updateable = "true"
		Release.AspNetCompiler.ForceOverwrite = "true"
		Release.AspNetCompiler.FixedNames = "false"
		Release.AspNetCompiler.Debug = "False"
		VWDPort = "58315"
		DefaultWebSiteLanguage = "Visual C#"
	EndProjectSection
EndProject
Global
	GlobalSection(SolutionConfigurationPlatforms) = preSolution
		Debug|Any CPU = Debug|Any CPU
	EndGlobalSection
	GlobalSection(ProjectConfigurationPlatforms) = postSolution
		{F1742194-DA50-44F1-B51F-8CD00782BE12}.Debug|Any CPU.ActiveCfg = Debug|Any CPU
		{F1742194-DA50-44F1-B51F-8CD00782BE12}.Debug|Any CPU.Build.0 = Debug|Any CPU
	EndGlobalSection
	GlobalSection(SolutionProperties) = preSolution
		HideSolutionNode = FALSE
	EndGlobalSection
	GlobalSection(ExtensibilityGlobals) = postSolution
		SolutionGuid = {DC98926F-DAC1-4AAF-BEA6-1378062DA713}
	EndGlobalSection
EndGlobal
